
Microsoft Visual Studio Solution File, Format Version 12.00
# Visual Studio Version 16
VisualStudioVersion = 16.0.32002.261
MinimumVisualStudioVersion = 10.0.40219.1
Project("{FAE04EC0-301F-11D3-BF4B-00C04F79EFBC}") = "BuilderPattren", "BuilderPattren\BuilderPattren.csproj", "{F12041FA-70B3-46CF-A70D-D1FB7F6071F3}"
EndProject
Global
	GlobalSection(SolutionConfigurationPlatforms) = preSolution
		Debug|Any CPU = Debug|Any CPU
		Release|Any CPU = Release|Any CPU
	EndGlobalSection
	GlobalSection(ProjectConfigurationPlatforms) = postSolution
		{F12041FA-70B3-46CF-A70D-D1FB7F6071F3}.Debug|Any CPU.ActiveCfg = Debug|Any CPU
		{F12041FA-70B3-46CF-A70D-D1FB7F6071F3}.Debug|Any CPU.Build.0 = Debug|Any CPU
		{F12041FA-70B3-46CF-A70D-D1FB7F6071F3}.Release|Any CPU.ActiveCfg = Release|Any CPU
		{F12041FA-70B3-46CF-A70D-D1FB7F6071F3}.Release|Any CPU.Build.0 = Release|Any CPU
	EndGlobalSection
	GlobalSection(SolutionProperties) = preSolution
		HideSolutionNode = FALSE
	EndGlobalSection
	GlobalSection(ExtensibilityGlobals) = postSolution
		SolutionGuid = {F5CC5BC3-169E-456E-A939-74A11E2A3915}
	EndGlobalSection
EndGlobal
